// !$*UTF8*$!
{
	archiveVersion = 1;
	classes = {
	};
	objectVersion = 50;
	objects = {

/* Begin PBXBuildFile section */
		C2E9F68E2618B93200D31B50 /* AppDelegate.swift in Sources */ = {isa = PBXBuildFile; fileRef = C2E9F68D2618B93200D31B50 /* AppDelegate.swift */; };
		C2E9F6902618B93200D31B50 /* SceneDelegate.swift in Sources */ = {isa = PBXBuildFile; fileRef = C2E9F68F2618B93200D31B50 /* SceneDelegate.swift */; };
		C2E9F6922618B93200D31B50 /* ViewController.swift in Sources */ = {isa = PBXBuildFile; fileRef = C2E9F6912618B93200D31B50 /* ViewController.swift */; };
		C2E9F6952618B93200D31B50 /* Main.storyboard in Resources */ = {isa = PBXBuildFile; fileRef = C2E9F6932618B93200D31B50 /* Main.storyboard */; };
		C2E9F6972618B93200D31B50 /* Assets.xcassets in Resources */ = {isa = PBXBuildFile; fileRef = C2E9F6962618B93200D31B50 /* Assets.xcassets */; };
		C2E9F69A2618B93200D31B50 /* LaunchScreen.storyboard in Resources */ = {isa = PBXBuildFile; fileRef = C2E9F6982618B93200D31B50 /* LaunchScreen.storyboard */; };
		C2E9F6A92618B9E100D31B50 /* MainTabController.swift in Sources */ = {isa = PBXBuildFile; fileRef = C2E9F6A82618B9E100D31B50 /* MainTabController.swift */; };
		C2E9F6AD2618BB3D00D31B50 /* FeedController.swift in Sources */ = {isa = PBXBuildFile; fileRef = C2E9F6AC2618BB3D00D31B50 /* FeedController.swift */; };
		C2E9F6B02618BB4E00D31B50 /* SearchController.swift in Sources */ = {isa = PBXBuildFile; fileRef = C2E9F6AF2618BB4E00D31B50 /* SearchController.swift */; };
		C2E9F6B32618BB5E00D31B50 /* ImageSelectorController.swift in Sources */ = {isa = PBXBuildFile; fileRef = C2E9F6B22618BB5E00D31B50 /* ImageSelectorController.swift */; };
		C2E9F6B62618BB6600D31B50 /* NotificationController.swift in Sources */ = {isa = PBXBuildFile; fileRef = C2E9F6B52618BB6600D31B50 /* NotificationController.swift */; };
		C2E9F6B92618BB7500D31B50 /* ProfileController.swift in Sources */ = {isa = PBXBuildFile; fileRef = C2E9F6B82618BB7500D31B50 /* ProfileController.swift */; };
		C2E9F73E2618CE9B00D31B50 /* FeedCell.swift in Sources */ = {isa = PBXBuildFile; fileRef = C2E9F73D2618CE9B00D31B50 /* FeedCell.swift */; };
		C2E9F7422618D00900D31B50 /* Extensions.swift in Sources */ = {isa = PBXBuildFile; fileRef = C2E9F7412618D00900D31B50 /* Extensions.swift */; };
		C2E9F7462619F93B00D31B50 /* LoginController.swift in Sources */ = {isa = PBXBuildFile; fileRef = C2E9F7452619F93B00D31B50 /* LoginController.swift */; };
		C2E9F74A2619F94B00D31B50 /* RegistrationController.swift in Sources */ = {isa = PBXBuildFile; fileRef = C2E9F7492619F94B00D31B50 /* RegistrationController.swift */; };
/* End PBXBuildFile section */

/* Begin PBXFileReference section */
		C2E9F68A2618B93200D31B50 /* InstagramClone.app */ = {isa = PBXFileReference; explicitFileType = wrapper.application; includeInIndex = 0; path = InstagramClone.app; sourceTree = BUILT_PRODUCTS_DIR; };
		C2E9F68D2618B93200D31B50 /* AppDelegate.swift */ = {isa = PBXFileReference; lastKnownFileType = sourcecode.swift; path = AppDelegate.swift; sourceTree = "<group>"; };
		C2E9F68F2618B93200D31B50 /* SceneDelegate.swift */ = {isa = PBXFileReference; lastKnownFileType = sourcecode.swift; path = SceneDelegate.swift; sourceTree = "<group>"; };
		C2E9F6912618B93200D31B50 /* ViewController.swift */ = {isa = PBXFileReference; lastKnownFileType = sourcecode.swift; path = ViewController.swift; sourceTree = "<group>"; };
		C2E9F6942618B93200D31B50 /* Base */ = {isa = PBXFileReference; lastKnownFileType = file.storyboard; name = Base; path = Base.lproj/Main.storyboard; sourceTree = "<group>"; };
		C2E9F6962618B93200D31B50 /* Assets.xcassets */ = {isa = PBXFileReference; lastKnownFileType = folder.assetcatalog; path = Assets.xcassets; sourceTree = "<group>"; };
		C2E9F6992618B93200D31B50 /* Base */ = {isa = PBXFileReference; lastKnownFileType = file.storyboard; name = Base; path = Base.lproj/LaunchScreen.storyboard; sourceTree = "<group>"; };
		C2E9F69B2618B93200D31B50 /* Info.plist */ = {isa = PBXFileReference; lastKnownFileType = text.plist.xml; path = Info.plist; sourceTree = "<group>"; };
		C2E9F6A82618B9E100D31B50 /* MainTabController.swift */ = {isa = PBXFileReference; lastKnownFileType = sourcecode.swift; path = MainTabController.swift; sourceTree = "<group>"; };
		C2E9F6AC2618BB3D00D31B50 /* FeedController.swift */ = {isa = PBXFileReference; lastKnownFileType = sourcecode.swift; path = FeedController.swift; sourceTree = "<group>"; };
		C2E9F6AF2618BB4E00D31B50 /* SearchController.swift */ = {isa = PBXFileReference; lastKnownFileType = sourcecode.swift; path = SearchController.swift; sourceTree = "<group>"; };
		C2E9F6B22618BB5E00D31B50 /* ImageSelectorController.swift */ = {isa = PBXFileReference; lastKnownFileType = sourcecode.swift; path = ImageSelectorController.swift; sourceTree = "<group>"; };
		C2E9F6B52618BB6600D31B50 /* NotificationController.swift */ = {isa = PBXFileReference; lastKnownFileType = sourcecode.swift; path = NotificationController.swift; sourceTree = "<group>"; };
		C2E9F6B82618BB7500D31B50 /* ProfileController.swift */ = {isa = PBXFileReference; lastKnownFileType = sourcecode.swift; path = ProfileController.swift; sourceTree = "<group>"; };
		C2E9F73D2618CE9B00D31B50 /* FeedCell.swift */ = {isa = PBXFileReference; lastKnownFileType = sourcecode.swift; path = FeedCell.swift; sourceTree = "<group>"; };
		C2E9F7412618D00900D31B50 /* Extensions.swift */ = {isa = PBXFileReference; fileEncoding = 4; lastKnownFileType = sourcecode.swift; path = Extensions.swift; sourceTree = "<group>"; };
		C2E9F7452619F93B00D31B50 /* LoginController.swift */ = {isa = PBXFileReference; lastKnownFileType = sourcecode.swift; path = LoginController.swift; sourceTree = "<group>"; };
		C2E9F7492619F94B00D31B50 /* RegistrationController.swift */ = {isa = PBXFileReference; lastKnownFileType = sourcecode.swift; path = RegistrationController.swift; sourceTree = "<group>"; };
/* End PBXFileReference section */

/* Begin PBXFrameworksBuildPhase section */
		C2E9F6872618B93200D31B50 /* Frameworks */ = {
			isa = PBXFrameworksBuildPhase;
			buildActionMask = 2147483647;
			files = (
			);
			runOnlyForDeploymentPostprocessing = 0;
		};
/* End PBXFrameworksBuildPhase section */

/* Begin PBXGroup section */
		C2E9F6812618B93200D31B50 = {
			isa = PBXGroup;
			children = (
				C2E9F68C2618B93200D31B50 /* InstagramClone */,
				C2E9F68B2618B93200D31B50 /* Products */,
			);
			sourceTree = "<group>";
		};
		C2E9F68B2618B93200D31B50 /* Products */ = {
			isa = PBXGroup;
			children = (
				C2E9F68A2618B93200D31B50 /* InstagramClone.app */,
			);
			name = Products;
			sourceTree = "<group>";
		};
		C2E9F68C2618B93200D31B50 /* InstagramClone */ = {
			isa = PBXGroup;
			children = (
				C2E9F6A72618B9AD00D31B50 /* Model */,
				C2E9F6A62618B9AC00D31B50 /* View */,
				C2E9F6A52618B9AB00D31B50 /* ViewModel */,
				C2E9F6A42618B9AA00D31B50 /* Controller */,
				C2E9F6A32618B9A900D31B50 /* API */,
				C2E9F6A22618B9A700D31B50 /* Utils */,
				C2E9F68D2618B93200D31B50 /* AppDelegate.swift */,
				C2E9F68F2618B93200D31B50 /* SceneDelegate.swift */,
				C2E9F6912618B93200D31B50 /* ViewController.swift */,
				C2E9F6932618B93200D31B50 /* Main.storyboard */,
				C2E9F6962618B93200D31B50 /* Assets.xcassets */,
				C2E9F6982618B93200D31B50 /* LaunchScreen.storyboard */,
				C2E9F69B2618B93200D31B50 /* Info.plist */,
			);
			path = InstagramClone;
			sourceTree = "<group>";
		};
		C2E9F6A22618B9A700D31B50 /* Utils */ = {
			isa = PBXGroup;
			children = (
				C2E9F7412618D00900D31B50 /* Extensions.swift */,
			);
			path = Utils;
			sourceTree = "<group>";
		};
		C2E9F6A32618B9A900D31B50 /* API */ = {
			isa = PBXGroup;
			children = (
			);
			path = API;
			sourceTree = "<group>";
		};
		C2E9F6A42618B9AA00D31B50 /* Controller */ = {
			isa = PBXGroup;
			children = (
				C2E9F7442619F92300D31B50 /* Authentication */,
				C2E9F6A82618B9E100D31B50 /* MainTabController.swift */,
				C2E9F6AC2618BB3D00D31B50 /* FeedController.swift */,
				C2E9F6AF2618BB4E00D31B50 /* SearchController.swift */,
				C2E9F6B22618BB5E00D31B50 /* ImageSelectorController.swift */,
				C2E9F6B52618BB6600D31B50 /* NotificationController.swift */,
				C2E9F6B82618BB7500D31B50 /* ProfileController.swift */,
			);
			path = Controller;
			sourceTree = "<group>";
		};
		C2E9F6A52618B9AB00D31B50 /* ViewModel */ = {
			isa = PBXGroup;
			children = (
			);
			path = ViewModel;
			sourceTree = "<group>";
		};
		C2E9F6A62618B9AC00D31B50 /* View */ = {
			isa = PBXGroup;
			children = (
				C2E9F73D2618CE9B00D31B50 /* FeedCell.swift */,
			);
			path = View;
			sourceTree = "<group>";
		};
		C2E9F6A72618B9AD00D31B50 /* Model */ = {
			isa = PBXGroup;
			children = (
			);
			path = Model;
			sourceTree = "<group>";
		};
		C2E9F7442619F92300D31B50 /* Authentication */ = {
			isa = PBXGroup;
			children = (
				C2E9F7452619F93B00D31B50 /* LoginController.swift */,
				C2E9F7492619F94B00D31B50 /* RegistrationController.swift */,
			);
			path = Authentication;
			sourceTree = "<group>";
		};
/* End PBXGroup section */

/* Begin PBXNativeTarget section */
		C2E9F6892618B93200D31B50 /* InstagramClone */ = {
			isa = PBXNativeTarget;
			buildConfigurationList = C2E9F69E2618B93200D31B50 /* Build configuration list for PBXNativeTarget "InstagramClone" */;
			buildPhases = (
				C2E9F6862618B93200D31B50 /* Sources */,
				C2E9F6872618B93200D31B50 /* Frameworks */,
				C2E9F6882618B93200D31B50 /* Resources */,
			);
			buildRules = (
			);
			dependencies = (
			);
			name = InstagramClone;
			productName = InstagramClone;
			productReference = C2E9F68A2618B93200D31B50 /* InstagramClone.app */;
			productType = "com.apple.product-type.application";
		};
/* End PBXNativeTarget section */

/* Begin PBXProject section */
		C2E9F6822618B93200D31B50 /* Project object */ = {
			isa = PBXProject;
			attributes = {
				LastSwiftUpdateCheck = 1240;
				LastUpgradeCheck = 1240;
				TargetAttributes = {
					C2E9F6892618B93200D31B50 = {
						CreatedOnToolsVersion = 12.4;
					};
				};
			};
			buildConfigurationList = C2E9F6852618B93200D31B50 /* Build configuration list for PBXProject "InstagramClone" */;
			compatibilityVersion = "Xcode 9.3";
			developmentRegion = en;
			hasScannedForEncodings = 0;
			knownRegions = (
				en,
				Base,
			);
			mainGroup = C2E9F6812618B93200D31B50;
			productRefGroup = C2E9F68B2618B93200D31B50 /* Products */;
			projectDirPath = "";
			projectRoot = "";
			targets = (
				C2E9F6892618B93200D31B50 /* InstagramClone */,
			);
		};
/* End PBXProject section */

/* Begin PBXResourcesBuildPhase section */
		C2E9F6882618B93200D31B50 /* Resources */ = {
			isa = PBXResourcesBuildPhase;
			buildActionMask = 2147483647;
			files = (
				C2E9F69A2618B93200D31B50 /* LaunchScreen.storyboard in Resources */,
				C2E9F6972618B93200D31B50 /* Assets.xcassets in Resources */,
				C2E9F6952618B93200D31B50 /* Main.storyboard in Resources */,
			);
			runOnlyForDeploymentPostprocessing = 0;
		};
/* End PBXResourcesBuildPhase section */

/* Begin PBXSourcesBuildPhase section */
		C2E9F6862618B93200D31B50 /* Sources */ = {
			isa = PBXSourcesBuildPhase;
			buildActionMask = 2147483647;
			files = (
				C2E9F6922618B93200D31B50 /* ViewController.swift in Sources */,
				C2E9F7462619F93B00D31B50 /* LoginController.swift in Sources */,
				C2E9F73E2618CE9B00D31B50 /* FeedCell.swift in Sources */,
				C2E9F6B32618BB5E00D31B50 /* ImageSelectorController.swift in Sources */,
				C2E9F6B62618BB6600D31B50 /* NotificationController.swift in Sources */,
				C2E9F6B02618BB4E00D31B50 /* SearchController.swift in Sources */,
				C2E9F68E2618B93200D31B50 /* AppDelegate.swift in Sources */,
				C2E9F6B92618BB7500D31B50 /* ProfileController.swift in Sources */,
				C2E9F6AD2618BB3D00D31B50 /* FeedController.swift in Sources */,
				C2E9F6A92618B9E100D31B50 /* MainTabController.swift in Sources */,
				C2E9F7422618D00900D31B50 /* Extensions.swift in Sources */,
				C2E9F6902618B93200D31B50 /* SceneDelegate.swift in Sources */,
				C2E9F74A2619F94B00D31B50 /* RegistrationController.swift in Sources */,
			);
			runOnlyForDeploymentPostprocessing = 0;
		};
/* End PBXSourcesBuildPhase section */

/* Begin PBXVariantGroup section */
		C2E9F6932618B93200D31B50 /* Main.storyboard */ = {
			isa = PBXVariantGroup;
			children = (
				C2E9F6942618B93200D31B50 /* Base */,
			);
			name = Main.storyboard;
			sourceTree = "<group>";
		};
		C2E9F6982618B93200D31B50 /* LaunchScreen.storyboard */ = {
			isa = PBXVariantGroup;
			children = (
				C2E9F6992618B93200D31B50 /* Base */,
			);
			name = LaunchScreen.storyboard;
			sourceTree = "<group>";
		};
/* End PBXVariantGroup section */

/* Begin XCBuildConfiguration section */
		C2E9F69C2618B93200D31B50 /* Debug */ = {
			isa = XCBuildConfiguration;
			buildSettings = {
				ALWAYS_SEARCH_USER_PATHS = NO;
				CLANG_ANALYZER_NONNULL = YES;
				CLANG_ANALYZER_NUMBER_OBJECT_CONVERSION = YES_AGGRESSIVE;
				CLANG_CXX_LANGUAGE_STANDARD = "gnu++14";
				CLANG_CXX_LIBRARY = "libc++";
				CLANG_ENABLE_MODULES = YES;
				CLANG_ENABLE_OBJC_ARC = YES;
				CLANG_ENABLE_OBJC_WEAK = YES;
				CLANG_WARN_BLOCK_CAPTURE_AUTORELEASING = YES;
				CLANG_WARN_BOOL_CONVERSION = YES;
				CLANG_WARN_COMMA = YES;
				CLANG_WARN_CONSTANT_CONVERSION = YES;
				CLANG_WARN_DEPRECATED_OBJC_IMPLEMENTATIONS = YES;
				CLANG_WARN_DIRECT_OBJC_ISA_USAGE = YES_ERROR;
				CLANG_WARN_DOCUMENTATION_COMMENTS = YES;
				CLANG_WARN_EMPTY_BODY = YES;
				CLANG_WARN_ENUM_CONVERSION = YES;
				CLANG_WARN_INFINITE_RECURSION = YES;
				CLANG_WARN_INT_CONVERSION = YES;
				CLANG_WARN_NON_LITERAL_NULL_CONVERSION = YES;
				CLANG_WARN_OBJC_IMPLICIT_RETAIN_SELF = YES;
				CLANG_WARN_OBJC_LITERAL_CONVERSION = YES;
				CLANG_WARN_OBJC_ROOT_CLASS = YES_ERROR;
				CLANG_WARN_QUOTED_INCLUDE_IN_FRAMEWORK_HEADER = YES;
				CLANG_WARN_RANGE_LOOP_ANALYSIS = YES;
				CLANG_WARN_STRICT_PROTOTYPES = YES;
				CLANG_WARN_SUSPICIOUS_MOVE = YES;
				CLANG_WARN_UNGUARDED_AVAILABILITY = YES_AGGRESSIVE;
				CLANG_WARN_UNREACHABLE_CODE = YES;
				CLANG_WARN__DUPLICATE_METHOD_MATCH = YES;
				COPY_PHASE_STRIP = NO;
				DEBUG_INFORMATION_FORMAT = dwarf;
				ENABLE_STRICT_OBJC_MSGSEND = YES;
				ENABLE_TESTABILITY = YES;
				GCC_C_LANGUAGE_STANDARD = gnu11;
				GCC_DYNAMIC_NO_PIC = NO;
				GCC_NO_COMMON_BLOCKS = YES;
				GCC_OPTIMIZATION_LEVEL = 0;
				GCC_PREPROCESSOR_DEFINITIONS = (
					"DEBUG=1",
					"$(inherited)",
				);
				GCC_WARN_64_TO_32_BIT_CONVERSION = YES;
				GCC_WARN_ABOUT_RETURN_TYPE = YES_ERROR;
				GCC_WARN_UNDECLARED_SELECTOR = YES;
				GCC_WARN_UNINITIALIZED_AUTOS = YES_AGGRESSIVE;
				GCC_WARN_UNUSED_FUNCTION = YES;
				GCC_WARN_UNUSED_VARIABLE = YES;
				IPHONEOS_DEPLOYMENT_TARGET = 14.4;
				MTL_ENABLE_DEBUG_INFO = INCLUDE_SOURCE;
				MTL_FAST_MATH = YES;
				ONLY_ACTIVE_ARCH = YES;
				SDKROOT = iphoneos;
				SWIFT_ACTIVE_COMPILATION_CONDITIONS = DEBUG;
				SWIFT_OPTIMIZATION_LEVEL = "-Onone";
			};
			name = Debug;
		};
		C2E9F69D2618B93200D31B50 /* Release */ = {
			isa = XCBuildConfiguration;
			buildSettings = {
				ALWAYS_SEARCH_USER_PATHS = NO;
				CLANG_ANALYZER_NONNULL = YES;
				CLANG_ANALYZER_NUMBER_OBJECT_CONVERSION = YES_AGGRESSIVE;
				CLANG_CXX_LANGUAGE_STANDARD = "gnu++14";
				CLANG_CXX_LIBRARY = "libc++";
				CLANG_ENABLE_MODULES = YES;
				CLANG_ENABLE_OBJC_ARC = YES;
				CLANG_ENABLE_OBJC_WEAK = YES;
				CLANG_WARN_BLOCK_CAPTURE_AUTORELEASING = YES;
				CLANG_WARN_BOOL_CONVERSION = YES;
				CLANG_WARN_COMMA = YES;
				CLANG_WARN_CONSTANT_CONVERSION = YES;
				CLANG_WARN_DEPRECATED_OBJC_IMPLEMENTATIONS = YES;
				CLANG_WARN_DIRECT_OBJC_ISA_USAGE = YES_ERROR;
				CLANG_WARN_DOCUMENTATION_COMMENTS = YES;
				CLANG_WARN_EMPTY_BODY = YES;
				CLANG_WARN_ENUM_CONVERSION = YES;
				CLANG_WARN_INFINITE_RECURSION = YES;
				CLANG_WARN_INT_CONVERSION = YES;
				CLANG_WARN_NON_LITERAL_NULL_CONVERSION = YES;
				CLANG_WARN_OBJC_IMPLICIT_RETAIN_SELF = YES;
				CLANG_WARN_OBJC_LITERAL_CONVERSION = YES;
				CLANG_WARN_OBJC_ROOT_CLASS = YES_ERROR;
				CLANG_WARN_QUOTED_INCLUDE_IN_FRAMEWORK_HEADER = YES;
				CLANG_WARN_RANGE_LOOP_ANALYSIS = YES;
				CLANG_WARN_STRICT_PROTOTYPES = YES;
				CLANG_WARN_SUSPICIOUS_MOVE = YES;
				CLANG_WARN_UNGUARDED_AVAILABILITY = YES_AGGRESSIVE;
				CLANG_WARN_UNREACHABLE_CODE = YES;
				CLANG_WARN__DUPLICATE_METHOD_MATCH = YES;
				COPY_PHASE_STRIP = NO;
				DEBUG_INFORMATION_FORMAT = "dwarf-with-dsym";
				ENABLE_NS_ASSERTIONS = NO;
				ENABLE_STRICT_OBJC_MSGSEND = YES;
				GCC_C_LANGUAGE_STANDARD = gnu11;
				GCC_NO_COMMON_BLOCKS = YES;
				GCC_WARN_64_TO_32_BIT_CONVERSION = YES;
				GCC_WARN_ABOUT_RETURN_TYPE = YES_ERROR;
				GCC_WARN_UNDECLARED_SELECTOR = YES;
				GCC_WARN_UNINITIALIZED_AUTOS = YES_AGGRESSIVE;
				GCC_WARN_UNUSED_FUNCTION = YES;
				GCC_WARN_UNUSED_VARIABLE = YES;
				IPHONEOS_DEPLOYMENT_TARGET = 14.4;
				MTL_ENABLE_DEBUG_INFO = NO;
				MTL_FAST_MATH = YES;
				SDKROOT = iphoneos;
				SWIFT_COMPILATION_MODE = wholemodule;
				SWIFT_OPTIMIZATION_LEVEL = "-O";
				VALIDATE_PRODUCT = YES;
			};
			name = Release;
		};
		C2E9F69F2618B93200D31B50 /* Debug */ = {
			isa = XCBuildConfiguration;
			buildSettings = {
				ASSETCATALOG_COMPILER_APPICON_NAME = AppIcon;
				ASSETCATALOG_COMPILER_GLOBAL_ACCENT_COLOR_NAME = AccentColor;
				CODE_SIGN_STYLE = Automatic;
				DEVELOPMENT_TEAM = K6448RX2CR;
				INFOPLIST_FILE = InstagramClone/Info.plist;
				LD_RUNPATH_SEARCH_PATHS = (
					"$(inherited)",
					"@executable_path/Frameworks",
				);
				PRODUCT_BUNDLE_IDENTIFIER = com.msk7529.InstagramClone;
				PRODUCT_NAME = "$(TARGET_NAME)";
				SWIFT_VERSION = 5.0;
				TARGETED_DEVICE_FAMILY = "1,2";
			};
			name = Debug;
		};
		C2E9F6A02618B93200D31B50 /* Release */ = {
			isa = XCBuildConfiguration;
			buildSettings = {
				ASSETCATALOG_COMPILER_APPICON_NAME = AppIcon;
				ASSETCATALOG_COMPILER_GLOBAL_ACCENT_COLOR_NAME = AccentColor;
				CODE_SIGN_STYLE = Automatic;
				DEVELOPMENT_TEAM = K6448RX2CR;
				INFOPLIST_FILE = InstagramClone/Info.plist;
				LD_RUNPATH_SEARCH_PATHS = (
					"$(inherited)",
					"@executable_path/Frameworks",
				);
				PRODUCT_BUNDLE_IDENTIFIER = com.msk7529.InstagramClone;
				PRODUCT_NAME = "$(TARGET_NAME)";
				SWIFT_VERSION = 5.0;
				TARGETED_DEVICE_FAMILY = "1,2";
			};
			name = Release;
		};
/* End XCBuildConfiguration section */

/* Begin XCConfigurationList section */
		C2E9F6852618B93200D31B50 /* Build configuration list for PBXProject "InstagramClone" */ = {
			isa = XCConfigurationList;
			buildConfigurations = (
				C2E9F69C2618B93200D31B50 /* Debug */,
				C2E9F69D2618B93200D31B50 /* Release */,
			);
			defaultConfigurationIsVisible = 0;
			defaultConfigurationName = Release;
		};
		C2E9F69E2618B93200D31B50 /* Build configuration list for PBXNativeTarget "InstagramClone" */ = {
			isa = XCConfigurationList;
			buildConfigurations = (
				C2E9F69F2618B93200D31B50 /* Debug */,
				C2E9F6A02618B93200D31B50 /* Release */,
			);
			defaultConfigurationIsVisible = 0;
			defaultConfigurationName = Release;
		};
/* End XCConfigurationList section */
	};
	rootObject = C2E9F6822618B93200D31B50 /* Project object */;
}
